Microsoft Visual Studio Solution File, Format Version 12.00
# Visual Studio Version 17
VisualStudioVersion = 17.5.2.0
MinimumVisualStudioVersion = 10.0.40219.1
Project("{FAE04EC0-301F-11D3-BF4B-00C04F79EFBC}") = "Harjoitusprojekti 1", "Harjoitusprojekti 1.csproj", "{62A28910-2640-D59A-48E0-6080FF9E7C34}"
EndProject
Global
	GlobalSection(SolutionConfigurationPlatforms) = preSolution
		Debug|Any CPU = Debug|Any CPU
		Release|Any CPU = Release|Any CPU
	EndGlobalSection
	GlobalSection(ProjectConfigurationPlatforms) = postSolution
		{62A28910-2640-D59A-48E0-6080FF9E7C34}.Debug|Any CPU.ActiveCfg = Debug|Any CPU
		{62A28910-2640-D59A-48E0-6080FF9E7C34}.Debug|Any CPU.Build.0 = Debug|Any CPU
		{62A28910-2640-D59A-48E0-6080FF9E7C34}.Release|Any CPU.ActiveCfg = Release|Any CPU
		{62A28910-2640-D59A-48E0-6080FF9E7C34}.Release|Any CPU.Build.0 = Release|Any CPU
	EndGlobalSection
	GlobalSection(SolutionProperties) = preSolution
		HideSolutionNode = FALSE
	EndGlobalSection
	GlobalSection(ExtensibilityGlobals) = postSolution
		SolutionGuid = {350C416E-781B-48B6-8C09-78BF36AE8BB7}
	EndGlobalSection
EndGlobal
